
Microsoft Visual Studio Solution File, Format Version 12.00
Project("{FAE04EC0-301F-11D3-BF4B-00C04F79EFBC}") = "IpValidatorCli", "IpValidatorCli\IpValidatorCli.csproj", "{3BCAC4BE-6944-4923-AAC7-379E728D9C0A}"
EndProject
Project("{2150E333-8FDC-42A3-9474-1A3956D46DE8}") = "SolutionItems", "SolutionItems", "{3D8551FD-69AF-4D8F-86DC-12D5F7C9E70C}"
	ProjectSection(SolutionItems) = preProject
		..\.gitignore = ..\.gitignore
		..\CHANGELOG.md = ..\CHANGELOG.md
		..\LICENSE = ..\LICENSE
		..\README.md = ..\README.md
	EndProjectSection
EndProject
Global
	GlobalSection(SolutionConfigurationPlatforms) = preSolution
		Debug|Any CPU = Debug|Any CPU
		Release|Any CPU = Release|Any CPU
	EndGlobalSection
	GlobalSection(ProjectConfigurationPlatforms) = postSolution
		{3BCAC4BE-6944-4923-AAC7-379E728D9C0A}.Debug|Any CPU.ActiveCfg = Debug|Any CPU
		{3BCAC4BE-6944-4923-AAC7-379E728D9C0A}.Debug|Any CPU.Build.0 = Debug|Any CPU
		{3BCAC4BE-6944-4923-AAC7-379E728D9C0A}.Release|Any CPU.ActiveCfg = Release|Any CPU
		{3BCAC4BE-6944-4923-AAC7-379E728D9C0A}.Release|Any CPU.Build.0 = Release|Any CPU
	EndGlobalSection
EndGlobal
